
Microsoft Visual Studio Solution File, Format Version 12.00
# Visual Studio 15
Project("{FAE04EC0-301F-11D3-BF4B-00C04F79EFBC}") = "UnityEngine.UI", "UnityEngine.UI.csproj", "{80A3086A-1C06-8E71-79A3-BF14AA334CFA}"
EndProject
Project("{FAE04EC0-301F-11D3-BF4B-00C04F79EFBC}") = "UnityEngine.TestRunner", "UnityEngine.TestRunner.csproj", "{773B03D2-E526-741D-08E1-92155629A875}"
EndProject
Project("{FAE04EC0-301F-11D3-BF4B-00C04F79EFBC}") = "Unity.Mathematics", "Unity.Mathematics.csproj", "{46DC73FB-2CDB-65C4-FD26-5F8B9873437E}"
EndProject
Project("{FAE04EC0-301F-11D3-BF4B-00C04F79EFBC}") = "Unity.2D.Animation.Triangle.Runtime", "Unity.2D.Animation.Triangle.Runtime.csproj", "{3868727E-8231-4279-040E-9995B8D17EA7}"
EndProject
Project("{FAE04EC0-301F-11D3-BF4B-00C04F79EFBC}") = "Unity.Timeline", "Unity.Timeline.csproj", "{136232B4-548E-1076-4C54-19CD73A601B8}"
EndProject
Project("{FAE04EC0-301F-11D3-BF4B-00C04F79EFBC}") = "Unity.TextMeshPro", "Unity.TextMeshPro.csproj", "{F23BD21B-EF87-7346-6A65-B78B0D31CFC7}"
EndProject
Project("{FAE04EC0-301F-11D3-BF4B-00C04F79EFBC}") = "Unity.2D.Animation.Runtime", "Unity.2D.Animation.Runtime.csproj", "{C12E7904-5DF7-8E1D-808E-93B910E233C5}"
EndProject
Project("{FAE04EC0-301F-11D3-BF4B-00C04F79EFBC}") = "Assembly-CSharp", "Assembly-CSharp.csproj", "{3688EE6A-C2CC-4A99-0D35-426E2E954F64}"
EndProject
Project("{FAE04EC0-301F-11D3-BF4B-00C04F79EFBC}") = "Unity.2D.IK.Runtime", "Unity.2D.IK.Runtime.csproj", "{D58A8444-335D-3E45-90CC-912F0D404720}"
EndProject
Project("{FAE04EC0-301F-11D3-BF4B-00C04F79EFBC}") = "Unity.2D.SpriteShape.Runtime", "Unity.2D.SpriteShape.Runtime.csproj", "{8F9B0FDD-42E5-A125-C456-47C8603FEE17}"
EndProject
Project("{FAE04EC0-301F-11D3-BF4B-00C04F79EFBC}") = "Unity.2D.PixelPerfect", "Unity.2D.PixelPerfect.csproj", "{EE7DC6DF-AB32-5313-02DF-2F7CBF173EB9}"
EndProject
Project("{FAE04EC0-301F-11D3-BF4B-00C04F79EFBC}") = "Unity.2D.Common.Runtime", "Unity.2D.Common.Runtime.csproj", "{A1C89780-8895-F402-A05E-F19F79741ACE}"
EndProject
Project("{FAE04EC0-301F-11D3-BF4B-00C04F79EFBC}") = "Unity.InternalAPIEngineBridge.001", "Unity.InternalAPIEngineBridge.001.csproj", "{88386B30-362D-042F-53EE-9D73C9B4F0F0}"
EndProject
Project("{FAE04EC0-301F-11D3-BF4B-00C04F79EFBC}") = "UnityEditor.TestRunner", "UnityEditor.TestRunner.csproj", "{0222348D-B65E-0294-EBEF-0BA7044B3F27}"
EndProject
Project("{FAE04EC0-301F-11D3-BF4B-00C04F79EFBC}") = "Unity.PlasticSCM.Editor", "Unity.PlasticSCM.Editor.csproj", "{EC4BAC98-6B2A-B688-690C-7CF1A69A2495}"
EndProject
Project("{FAE04EC0-301F-11D3-BF4B-00C04F79EFBC}") = "UnityEditor.UI", "UnityEditor.UI.csproj", "{AC656073-FF7D-A041-76FD-D899D3F4940B}"
EndProject
Project("{FAE04EC0-301F-11D3-BF4B-00C04F79EFBC}") = "Unity.Services.Core.Editor", "Unity.Services.Core.Editor.csproj", "{5B5A52E7-21E0-B6B6-9E79-C1738FDC3711}"
EndProject
Project("{FAE04EC0-301F-11D3-BF4B-00C04F79EFBC}") = "Unity.Timeline.Editor", "Unity.Timeline.Editor.csproj", "{80326BA6-A1A8-EB23-C4E2-ECFD0BC6F02F}"
EndProject
Project("{FAE04EC0-301F-11D3-BF4B-00C04F79EFBC}") = "Unity.VisualStudio.Editor", "Unity.VisualStudio.Editor.csproj", "{BD6687F4-064A-3921-0DFF-ED48055B140D}"
EndProject
Project("{FAE04EC0-301F-11D3-BF4B-00C04F79EFBC}") = "Unity.2D.Psdimporter.Editor", "Unity.2D.Psdimporter.Editor.csproj", "{B45B44CC-A244-06C5-8E80-C88AD1AB289A}"
EndProject
Project("{FAE04EC0-301F-11D3-BF4B-00C04F79EFBC}") = "Unity.2D.Animation.Editor", "Unity.2D.Animation.Editor.csproj", "{3AE828A0-1C29-41DE-C1CE-0929AF75945F}"
EndProject
Project("{FAE04EC0-301F-11D3-BF4B-00C04F79EFBC}") = "Unity.TextMeshPro.Editor", "Unity.TextMeshPro.Editor.csproj", "{B9EC3D4A-28DF-1026-5131-25F30706CC3B}"
EndProject
Project("{FAE04EC0-301F-11D3-BF4B-00C04F79EFBC}") = "Unity.2D.SpriteShape.Editor", "Unity.2D.SpriteShape.Editor.csproj", "{095DB171-B400-489F-B514-B02D264EAADF}"
EndProject
Project("{FAE04EC0-301F-11D3-BF4B-00C04F79EFBC}") = "Unity.CollabProxy.Editor", "Unity.CollabProxy.Editor.csproj", "{74042FE7-42C8-FD58-962B-CBDD69BD6F4B}"
EndProject
Project("{FAE04EC0-301F-11D3-BF4B-00C04F79EFBC}") = "PsdPlugin", "PsdPlugin.csproj", "{08159EFC-7184-D35F-6608-870288CCE265}"
EndProject
Project("{FAE04EC0-301F-11D3-BF4B-00C04F79EFBC}") = "Unity.2D.Path.Editor", "Unity.2D.Path.Editor.csproj", "{850CF53C-B616-37C1-7745-A4ED0E8BCDDE}"
EndProject
Project("{FAE04EC0-301F-11D3-BF4B-00C04F79EFBC}") = "Unity.Rider.Editor", "Unity.Rider.Editor.csproj", "{72ECC882-67B4-E4C3-EA24-647476FDDC0D}"
EndProject
Project("{FAE04EC0-301F-11D3-BF4B-00C04F79EFBC}") = "Unity.2D.IK.Editor", "Unity.2D.IK.Editor.csproj", "{8A14FC14-64DA-9333-57CE-2338413C3441}"
EndProject
Project("{FAE04EC0-301F-11D3-BF4B-00C04F79EFBC}") = "Unity.2D.Sprite.Editor", "Unity.2D.Sprite.Editor.csproj", "{9A169C4B-8821-7C3A-97F7-45854C3DF7A0}"
EndProject
Project("{FAE04EC0-301F-11D3-BF4B-00C04F79EFBC}") = "Unity.2D.Tilemap.Editor", "Unity.2D.Tilemap.Editor.csproj", "{0DEBA5DB-2B50-D2F7-37AB-52512A1894FA}"
EndProject
Project("{FAE04EC0-301F-11D3-BF4B-00C04F79EFBC}") = "Unity.2D.PixelPerfect.Editor", "Unity.2D.PixelPerfect.Editor.csproj", "{1D665CEF-9B10-E9B2-DFD8-A2F3F5B38250}"
EndProject
Project("{FAE04EC0-301F-11D3-BF4B-00C04F79EFBC}") = "Unity.VSCode.Editor", "Unity.VSCode.Editor.csproj", "{4094AC27-F572-5C00-DC20-66F2935825A0}"
EndProject
Project("{FAE04EC0-301F-11D3-BF4B-00C04F79EFBC}") = "Unity.2D.Common.Editor", "Unity.2D.Common.Editor.csproj", "{C2C08D49-205E-C310-9AF1-BB159340CE25}"
EndProject
Project("{FAE04EC0-301F-11D3-BF4B-00C04F79EFBC}") = "Unity.Mathematics.Editor", "Unity.Mathematics.Editor.csproj", "{3AF6BA6B-C093-FACD-D28F-ED449A4CC670}"
EndProject
Project("{FAE04EC0-301F-11D3-BF4B-00C04F79EFBC}") = "Unity.InternalAPIEditorBridge.001", "Unity.InternalAPIEditorBridge.001.csproj", "{02B4566A-5F79-6CD2-3B40-FD15D90483EE}"
EndProject
Project("{FAE04EC0-301F-11D3-BF4B-00C04F79EFBC}") = "UnityEngine.UI", "UnityEngine.UI.Player.csproj", "{47D99D9F-4F96-1810-51F4-6BFA26241019}"
EndProject
Project("{FAE04EC0-301F-11D3-BF4B-00C04F79EFBC}") = "UnityEngine.TestRunner", "UnityEngine.TestRunner.Player.csproj", "{0BC77BD9-A117-179A-14EE-C9D0731D79F6}"
EndProject
Project("{FAE04EC0-301F-11D3-BF4B-00C04F79EFBC}") = "Unity.Mathematics", "Unity.Mathematics.Player.csproj", "{29EF0D21-4C48-04A1-C948-15C3DF7601DC}"
EndProject
Project("{FAE04EC0-301F-11D3-BF4B-00C04F79EFBC}") = "Unity.2D.Animation.Triangle.Runtime", "Unity.2D.Animation.Triangle.Runtime.Player.csproj", "{D7B1D988-2DBE-76F9-752F-005B772CDEE1}"
EndProject
Project("{FAE04EC0-301F-11D3-BF4B-00C04F79EFBC}") = "Unity.Timeline", "Unity.Timeline.Player.csproj", "{FA0CD661-A427-6D91-2865-730788EFFCDC}"
EndProject
Project("{FAE04EC0-301F-11D3-BF4B-00C04F79EFBC}") = "Unity.TextMeshPro", "Unity.TextMeshPro.Player.csproj", "{62DE0D41-2938-B87F-B5D7-FB69C33E88D6}"
EndProject
Project("{FAE04EC0-301F-11D3-BF4B-00C04F79EFBC}") = "Unity.2D.Animation.Runtime", "Unity.2D.Animation.Runtime.Player.csproj", "{B0180F26-370F-D6E7-A109-3814345EC535}"
EndProject
Project("{FAE04EC0-301F-11D3-BF4B-00C04F79EFBC}") = "Assembly-CSharp", "Assembly-CSharp.Player.csproj", "{EB5BF636-B9BD-45D7-93D7-C460E8D26477}"
EndProject
Project("{FAE04EC0-301F-11D3-BF4B-00C04F79EFBC}") = "Unity.2D.IK.Runtime", "Unity.2D.IK.Runtime.Player.csproj", "{D4D616CE-A999-8135-BD17-7B56E241DF11}"
EndProject
Project("{FAE04EC0-301F-11D3-BF4B-00C04F79EFBC}") = "Unity.2D.SpriteShape.Runtime", "Unity.2D.SpriteShape.Runtime.Player.csproj", "{824613CA-C8E5-941C-254A-83E234AA3153}"
EndProject
Project("{FAE04EC0-301F-11D3-BF4B-00C04F79EFBC}") = "Unity.2D.PixelPerfect", "Unity.2D.PixelPerfect.Player.csproj", "{F5D6E99F-1AC3-6FF5-951D-52868C997006}"
EndProject
Project("{FAE04EC0-301F-11D3-BF4B-00C04F79EFBC}") = "Unity.2D.Common.Runtime", "Unity.2D.Common.Runtime.Player.csproj", "{707E873A-C9E6-125E-9F59-8F7275E569A8}"
EndProject
Project("{FAE04EC0-301F-11D3-BF4B-00C04F79EFBC}") = "Unity.InternalAPIEngineBridge.001", "Unity.InternalAPIEngineBridge.001.Player.csproj", "{F54B07DE-205D-32D3-57E6-DD1703A162C6}"
EndProject
Global
	GlobalSection(SolutionConfigurationPlatforms) = preSolution
		Debug|Any CPU = Debug|Any CPU
		Release|Any CPU = Release|Any CPU
	EndGlobalSection
	GlobalSection(ProjectConfigurationPlatforms) = postSolution
		{80A3086A-1C06-8E71-79A3-BF14AA334CFA}.Debug|Any CPU.ActiveCfg = Debug|Any CPU
		{80A3086A-1C06-8E71-79A3-BF14AA334CFA}.Debug|Any CPU.Build.0 = Debug|Any CPU
		{80A3086A-1C06-8E71-79A3-BF14AA334CFA}.Release|Any CPU.ActiveCfg = Release|Any CPU
		{80A3086A-1C06-8E71-79A3-BF14AA334CFA}.Release|Any CPU.Build.0 = Release|Any CPU
		{773B03D2-E526-741D-08E1-92155629A875}.Debug|Any CPU.ActiveCfg = Debug|Any CPU
		{773B03D2-E526-741D-08E1-92155629A875}.Debug|Any CPU.Build.0 = Debug|Any CPU
		{773B03D2-E526-741D-08E1-92155629A875}.Release|Any CPU.ActiveCfg = Release|Any CPU
		{773B03D2-E526-741D-08E1-92155629A875}.Release|Any CPU.Build.0 = Release|Any CPU
		{46DC73FB-2CDB-65C4-FD26-5F8B9873437E}.Debug|Any CPU.ActiveCfg = Debug|Any CPU
		{46DC73FB-2CDB-65C4-FD26-5F8B9873437E}.Debug|Any CPU.Build.0 = Debug|Any CPU
		{46DC73FB-2CDB-65C4-FD26-5F8B9873437E}.Release|Any CPU.ActiveCfg = Release|Any CPU
		{46DC73FB-2CDB-65C4-FD26-5F8B9873437E}.Release|Any CPU.Build.0 = Release|Any CPU
		{3868727E-8231-4279-040E-9995B8D17EA7}.Debug|Any CPU.ActiveCfg = Debug|Any CPU
		{3868727E-8231-4279-040E-9995B8D17EA7}.Debug|Any CPU.Build.0 = Debug|Any CPU
		{3868727E-8231-4279-040E-9995B8D17EA7}.Release|Any CPU.ActiveCfg = Release|Any CPU
		{3868727E-8231-4279-040E-9995B8D17EA7}.Release|Any CPU.Build.0 = Release|Any CPU
		{136232B4-548E-1076-4C54-19CD73A601B8}.Debug|Any CPU.ActiveCfg = Debug|Any CPU
		{136232B4-548E-1076-4C54-19CD73A601B8}.Debug|Any CPU.Build.0 = Debug|Any CPU
		{136232B4-548E-1076-4C54-19CD73A601B8}.Release|Any CPU.ActiveCfg = Release|Any CPU
		{136232B4-548E-1076-4C54-19CD73A601B8}.Release|Any CPU.Build.0 = Release|Any CPU
		{F23BD21B-EF87-7346-6A65-B78B0D31CFC7}.Debug|Any CPU.ActiveCfg = Debug|Any CPU
		{F23BD21B-EF87-7346-6A65-B78B0D31CFC7}.Debug|Any CPU.Build.0 = Debug|Any CPU
		{F23BD21B-EF87-7346-6A65-B78B0D31CFC7}.Release|Any CPU.ActiveCfg = Release|Any CPU
		{F23BD21B-EF87-7346-6A65-B78B0D31CFC7}.Release|Any CPU.Build.0 = Release|Any CPU
		{C12E7904-5DF7-8E1D-808E-93B910E233C5}.Debug|Any CPU.ActiveCfg = Debug|Any CPU
		{C12E7904-5DF7-8E1D-808E-93B910E233C5}.Debug|Any CPU.Build.0 = Debug|Any CPU
		{C12E7904-5DF7-8E1D-808E-93B910E233C5}.Release|Any CPU.ActiveCfg = Release|Any CPU
		{C12E7904-5DF7-8E1D-808E-93B910E233C5}.Release|Any CPU.Build.0 = Release|Any CPU
		{3688EE6A-C2CC-4A99-0D35-426E2E954F64}.Debug|Any CPU.ActiveCfg = Debug|Any CPU
		{3688EE6A-C2CC-4A99-0D35-426E2E954F64}.Debug|Any CPU.Build.0 = Debug|Any CPU
		{3688EE6A-C2CC-4A99-0D35-426E2E954F64}.Release|Any CPU.ActiveCfg = Release|Any CPU
		{3688EE6A-C2CC-4A99-0D35-426E2E954F64}.Release|Any CPU.Build.0 = Release|Any CPU
		{D58A8444-335D-3E45-90CC-912F0D404720}.Debug|Any CPU.ActiveCfg = Debug|Any CPU
		{D58A8444-335D-3E45-90CC-912F0D404720}.Debug|Any CPU.Build.0 = Debug|Any CPU
		{D58A8444-335D-3E45-90CC-912F0D404720}.Release|Any CPU.ActiveCfg = Release|Any CPU
		{D58A8444-335D-3E45-90CC-912F0D404720}.Release|Any CPU.Build.0 = Release|Any CPU
		{8F9B0FDD-42E5-A125-C456-47C8603FEE17}.Debug|Any CPU.ActiveCfg = Debug|Any CPU
		{8F9B0FDD-42E5-A125-C456-47C8603FEE17}.Debug|Any CPU.Build.0 = Debug|Any CPU
		{8F9B0FDD-42E5-A125-C456-47C8603FEE17}.Release|Any CPU.ActiveCfg = Release|Any CPU
		{8F9B0FDD-42E5-A125-C456-47C8603FEE17}.Release|Any CPU.Build.0 = Release|Any CPU
		{EE7DC6DF-AB32-5313-02DF-2F7CBF173EB9}.Debug|Any CPU.ActiveCfg = Debug|Any CPU
		{EE7DC6DF-AB32-5313-02DF-2F7CBF173EB9}.Debug|Any CPU.Build.0 = Debug|Any CPU
		{EE7DC6DF-AB32-5313-02DF-2F7CBF173EB9}.Release|Any CPU.ActiveCfg = Release|Any CPU
		{EE7DC6DF-AB32-5313-02DF-2F7CBF173EB9}.Release|Any CPU.Build.0 = Release|Any CPU
		{A1C89780-8895-F402-A05E-F19F79741ACE}.Debug|Any CPU.ActiveCfg = Debug|Any CPU
		{A1C89780-8895-F402-A05E-F19F79741ACE}.Debug|Any CPU.Build.0 = Debug|Any CPU
		{A1C89780-8895-F402-A05E-F19F79741ACE}.Release|Any CPU.ActiveCfg = Release|Any CPU
		{A1C89780-8895-F402-A05E-F19F79741ACE}.Release|Any CPU.Build.0 = Release|Any CPU
		{88386B30-362D-042F-53EE-9D73C9B4F0F0}.Debug|Any CPU.ActiveCfg = Debug|Any CPU
		{88386B30-362D-042F-53EE-9D73C9B4F0F0}.Debug|Any CPU.Build.0 = Debug|Any CPU
		{88386B30-362D-042F-53EE-9D73C9B4F0F0}.Release|Any CPU.ActiveCfg = Release|Any CPU
		{88386B30-362D-042F-53EE-9D73C9B4F0F0}.Release|Any CPU.Build.0 = Release|Any CPU
		{0222348D-B65E-0294-EBEF-0BA7044B3F27}.Debug|Any CPU.ActiveCfg = Debug|Any CPU
		{0222348D-B65E-0294-EBEF-0BA7044B3F27}.Debug|Any CPU.Build.0 = Debug|Any CPU
		{0222348D-B65E-0294-EBEF-0BA7044B3F27}.Release|Any CPU.ActiveCfg = Release|Any CPU
		{0222348D-B65E-0294-EBEF-0BA7044B3F27}.Release|Any CPU.Build.0 = Release|Any CPU
		{EC4BAC98-6B2A-B688-690C-7CF1A69A2495}.Debug|Any CPU.ActiveCfg = Debug|Any CPU
		{EC4BAC98-6B2A-B688-690C-7CF1A69A2495}.Debug|Any CPU.Build.0 = Debug|Any CPU
		{EC4BAC98-6B2A-B688-690C-7CF1A69A2495}.Release|Any CPU.ActiveCfg = Release|Any CPU
		{EC4BAC98-6B2A-B688-690C-7CF1A69A2495}.Release|Any CPU.Build.0 = Release|Any CPU
		{AC656073-FF7D-A041-76FD-D899D3F4940B}.Debug|Any CPU.ActiveCfg = Debug|Any CPU
		{AC656073-FF7D-A041-76FD-D899D3F4940B}.Debug|Any CPU.Build.0 = Debug|Any CPU
		{AC656073-FF7D-A041-76FD-D899D3F4940B}.Release|Any CPU.ActiveCfg = Release|Any CPU
		{AC656073-FF7D-A041-76FD-D899D3F4940B}.Release|Any CPU.Build.0 = Release|Any CPU
		{5B5A52E7-21E0-B6B6-9E79-C1738FDC3711}.Debug|Any CPU.ActiveCfg = Debug|Any CPU
		{5B5A52E7-21E0-B6B6-9E79-C1738FDC3711}.Debug|Any CPU.Build.0 = Debug|Any CPU
		{5B5A52E7-21E0-B6B6-9E79-C1738FDC3711}.Release|Any CPU.ActiveCfg = Release|Any CPU
		{5B5A52E7-21E0-B6B6-9E79-C1738FDC3711}.Release|Any CPU.Build.0 = Release|Any CPU
		{80326BA6-A1A8-EB23-C4E2-ECFD0BC6F02F}.Debug|Any CPU.ActiveCfg = Debug|Any CPU
		{80326BA6-A1A8-EB23-C4E2-ECFD0BC6F02F}.Debug|Any CPU.Build.0 = Debug|Any CPU
		{80326BA6-A1A8-EB23-C4E2-ECFD0BC6F02F}.Release|Any CPU.ActiveCfg = Release|Any CPU
		{80326BA6-A1A8-EB23-C4E2-ECFD0BC6F02F}.Release|Any CPU.Build.0 = Release|Any CPU
		{BD6687F4-064A-3921-0DFF-ED48055B140D}.Debug|Any CPU.ActiveCfg = Debug|Any CPU
		{BD6687F4-064A-3921-0DFF-ED48055B140D}.Debug|Any CPU.Build.0 = Debug|Any CPU
		{BD6687F4-064A-3921-0DFF-ED48055B140D}.Release|Any CPU.ActiveCfg = Release|Any CPU
		{BD6687F4-064A-3921-0DFF-ED48055B140D}.Release|Any CPU.Build.0 = Release|Any CPU
		{B45B44CC-A244-06C5-8E80-C88AD1AB289A}.Debug|Any CPU.ActiveCfg = Debug|Any CPU
		{B45B44CC-A244-06C5-8E80-C88AD1AB289A}.Debug|Any CPU.Build.0 = Debug|Any CPU
		{B45B44CC-A244-06C5-8E80-C88AD1AB289A}.Release|Any CPU.ActiveCfg = Release|Any CPU
		{B45B44CC-A244-06C5-8E80-C88AD1AB289A}.Release|Any CPU.Build.0 = Release|Any CPU
		{3AE828A0-1C29-41DE-C1CE-0929AF75945F}.Debug|Any CPU.ActiveCfg = Debug|Any CPU
		{3AE828A0-1C29-41DE-C1CE-0929AF75945F}.Debug|Any CPU.Build.0 = Debug|Any CPU
		{3AE828A0-1C29-41DE-C1CE-0929AF75945F}.Release|Any CPU.ActiveCfg = Release|Any CPU
		{3AE828A0-1C29-41DE-C1CE-0929AF75945F}.Release|Any CPU.Build.0 = Release|Any CPU
		{B9EC3D4A-28DF-1026-5131-25F30706CC3B}.Debug|Any CPU.ActiveCfg = Debug|Any CPU
		{B9EC3D4A-28DF-1026-5131-25F30706CC3B}.Debug|Any CPU.Build.0 = Debug|Any CPU
		{B9EC3D4A-28DF-1026-5131-25F30706CC3B}.Release|Any CPU.ActiveCfg = Release|Any CPU
		{B9EC3D4A-28DF-1026-5131-25F30706CC3B}.Release|Any CPU.Build.0 = Release|Any CPU
		{095DB171-B400-489F-B514-B02D264EAADF}.Debug|Any CPU.ActiveCfg = Debug|Any CPU
		{095DB171-B400-489F-B514-B02D264EAADF}.Debug|Any CPU.Build.0 = Debug|Any CPU
		{095DB171-B400-489F-B514-B02D264EAADF}.Release|Any CPU.ActiveCfg = Release|Any CPU
		{095DB171-B400-489F-B514-B02D264EAADF}.Release|Any CPU.Build.0 = Release|Any CPU
		{74042FE7-42C8-FD58-962B-CBDD69BD6F4B}.Debug|Any CPU.ActiveCfg = Debug|Any CPU
		{74042FE7-42C8-FD58-962B-CBDD69BD6F4B}.Debug|Any CPU.Build.0 = Debug|Any CPU
		{74042FE7-42C8-FD58-962B-CBDD69BD6F4B}.Release|Any CPU.ActiveCfg = Release|Any CPU
		{74042FE7-42C8-FD58-962B-CBDD69BD6F4B}.Release|Any CPU.Build.0 = Release|Any CPU
		{08159EFC-7184-D35F-6608-870288CCE265}.Debug|Any CPU.ActiveCfg = Debug|Any CPU
		{08159EFC-7184-D35F-6608-870288CCE265}.Debug|Any CPU.Build.0 = Debug|Any CPU
		{08159EFC-7184-D35F-6608-870288CCE265}.Release|Any CPU.ActiveCfg = Release|Any CPU
		{08159EFC-7184-D35F-6608-870288CCE265}.Release|Any CPU.Build.0 = Release|Any CPU
		{850CF53C-B616-37C1-7745-A4ED0E8BCDDE}.Debug|Any CPU.ActiveCfg = Debug|Any CPU
		{850CF53C-B616-37C1-7745-A4ED0E8BCDDE}.Debug|Any CPU.Build.0 = Debug|Any CPU
		{850CF53C-B616-37C1-7745-A4ED0E8BCDDE}.Release|Any CPU.ActiveCfg = Release|Any CPU
		{850CF53C-B616-37C1-7745-A4ED0E8BCDDE}.Release|Any CPU.Build.0 = Release|Any CPU
		{72ECC882-67B4-E4C3-EA24-647476FDDC0D}.Debug|Any CPU.ActiveCfg = Debug|Any CPU
		{72ECC882-67B4-E4C3-EA24-647476FDDC0D}.Debug|Any CPU.Build.0 = Debug|Any CPU
		{72ECC882-67B4-E4C3-EA24-647476FDDC0D}.Release|Any CPU.ActiveCfg = Release|Any CPU
		{72ECC882-67B4-E4C3-EA24-647476FDDC0D}.Release|Any CPU.Build.0 = Release|Any CPU
		{8A14FC14-64DA-9333-57CE-2338413C3441}.Debug|Any CPU.ActiveCfg = Debug|Any CPU
		{8A14FC14-64DA-9333-57CE-2338413C3441}.Debug|Any CPU.Build.0 = Debug|Any CPU
		{8A14FC14-64DA-9333-57CE-2338413C3441}.Release|Any CPU.ActiveCfg = Release|Any CPU
		{8A14FC14-64DA-9333-57CE-2338413C3441}.Release|Any CPU.Build.0 = Release|Any CPU
		{9A169C4B-8821-7C3A-97F7-45854C3DF7A0}.Debug|Any CPU.ActiveCfg = Debug|Any CPU
		{9A169C4B-8821-7C3A-97F7-45854C3DF7A0}.Debug|Any CPU.Build.0 = Debug|Any CPU
		{9A169C4B-8821-7C3A-97F7-45854C3DF7A0}.Release|Any CPU.ActiveCfg = Release|Any CPU
		{9A169C4B-8821-7C3A-97F7-45854C3DF7A0}.Release|Any CPU.Build.0 = Release|Any CPU
		{0DEBA5DB-2B50-D2F7-37AB-52512A1894FA}.Debug|Any CPU.ActiveCfg = Debug|Any CPU
		{0DEBA5DB-2B50-D2F7-37AB-52512A1894FA}.Debug|Any CPU.Build.0 = Debug|Any CPU
		{0DEBA5DB-2B50-D2F7-37AB-52512A1894FA}.Release|Any CPU.ActiveCfg = Release|Any CPU
		{0DEBA5DB-2B50-D2F7-37AB-52512A1894FA}.Release|Any CPU.Build.0 = Release|Any CPU
		{1D665CEF-9B10-E9B2-DFD8-A2F3F5B38250}.Debug|Any CPU.ActiveCfg = Debug|Any CPU
		{1D665CEF-9B10-E9B2-DFD8-A2F3F5B38250}.Debug|Any CPU.Build.0 = Debug|Any CPU
		{1D665CEF-9B10-E9B2-DFD8-A2F3F5B38250}.Release|Any CPU.ActiveCfg = Release|Any CPU
		{1D665CEF-9B10-E9B2-DFD8-A2F3F5B38250}.Release|Any CPU.Build.0 = Release|Any CPU
		{4094AC27-F572-5C00-DC20-66F2935825A0}.Debug|Any CPU.ActiveCfg = Debug|Any CPU
		{4094AC27-F572-5C00-DC20-66F2935825A0}.Debug|Any CPU.Build.0 = Debug|Any CPU
		{4094AC27-F572-5C00-DC20-66F2935825A0}.Release|Any CPU.ActiveCfg = Release|Any CPU
		{4094AC27-F572-5C00-DC20-66F2935825A0}.Release|Any CPU.Build.0 = Release|Any CPU
		{C2C08D49-205E-C310-9AF1-BB159340CE25}.Debug|Any CPU.ActiveCfg = Debug|Any CPU
		{C2C08D49-205E-C310-9AF1-BB159340CE25}.Debug|Any CPU.Build.0 = Debug|Any CPU
		{C2C08D49-205E-C310-9AF1-BB159340CE25}.Release|Any CPU.ActiveCfg = Release|Any CPU
		{C2C08D49-205E-C310-9AF1-BB159340CE25}.Release|Any CPU.Build.0 = Release|Any CPU
		{3AF6BA6B-C093-FACD-D28F-ED449A4CC670}.Debug|Any CPU.ActiveCfg = Debug|Any CPU
		{3AF6BA6B-C093-FACD-D28F-ED449A4CC670}.Debug|Any CPU.Build.0 = Debug|Any CPU
		{3AF6BA6B-C093-FACD-D28F-ED449A4CC670}.Release|Any CPU.ActiveCfg = Release|Any CPU
		{3AF6BA6B-C093-FACD-D28F-ED449A4CC670}.Release|Any CPU.Build.0 = Release|Any CPU
		{02B4566A-5F79-6CD2-3B40-FD15D90483EE}.Debug|Any CPU.ActiveCfg = Debug|Any CPU
		{02B4566A-5F79-6CD2-3B40-FD15D90483EE}.Debug|Any CPU.Build.0 = Debug|Any CPU
		{02B4566A-5F79-6CD2-3B40-FD15D90483EE}.Release|Any CPU.ActiveCfg = Release|Any CPU
		{02B4566A-5F79-6CD2-3B40-FD15D90483EE}.Release|Any CPU.Build.0 = Release|Any CPU
		{47D99D9F-4F96-1810-51F4-6BFA26241019}.Debug|Any CPU.ActiveCfg = Debug|Any CPU
		{47D99D9F-4F96-1810-51F4-6BFA26241019}.Debug|Any CPU.Build.0 = Debug|Any CPU
		{47D99D9F-4F96-1810-51F4-6BFA26241019}.Release|Any CPU.ActiveCfg = Release|Any CPU
		{47D99D9F-4F96-1810-51F4-6BFA26241019}.Release|Any CPU.Build.0 = Release|Any CPU
		{0BC77BD9-A117-179A-14EE-C9D0731D79F6}.Debug|Any CPU.ActiveCfg = Debug|Any CPU
		{0BC77BD9-A117-179A-14EE-C9D0731D79F6}.Debug|Any CPU.Build.0 = Debug|Any CPU
		{0BC77BD9-A117-179A-14EE-C9D0731D79F6}.Release|Any CPU.ActiveCfg = Release|Any CPU
		{0BC77BD9-A117-179A-14EE-C9D0731D79F6}.Release|Any CPU.Build.0 = Release|Any CPU
		{29EF0D21-4C48-04A1-C948-15C3DF7601DC}.Debug|Any CPU.ActiveCfg = Debug|Any CPU
		{29EF0D21-4C48-04A1-C948-15C3DF7601DC}.Debug|Any CPU.Build.0 = Debug|Any CPU
		{29EF0D21-4C48-04A1-C948-15C3DF7601DC}.Release|Any CPU.ActiveCfg = Release|Any CPU
		{29EF0D21-4C48-04A1-C948-15C3DF7601DC}.Release|Any CPU.Build.0 = Release|Any CPU
		{D7B1D988-2DBE-76F9-752F-005B772CDEE1}.Debug|Any CPU.ActiveCfg = Debug|Any CPU
		{D7B1D988-2DBE-76F9-752F-005B772CDEE1}.Debug|Any CPU.Build.0 = Debug|Any CPU
		{D7B1D988-2DBE-76F9-752F-005B772CDEE1}.Release|Any CPU.ActiveCfg = Release|Any CPU
		{D7B1D988-2DBE-76F9-752F-005B772CDEE1}.Release|Any CPU.Build.0 = Release|Any CPU
		{FA0CD661-A427-6D91-2865-730788EFFCDC}.Debug|Any CPU.ActiveCfg = Debug|Any CPU
		{FA0CD661-A427-6D91-2865-730788EFFCDC}.Debug|Any CPU.Build.0 = Debug|Any CPU
		{FA0CD661-A427-6D91-2865-730788EFFCDC}.Release|Any CPU.ActiveCfg = Release|Any CPU
		{FA0CD661-A427-6D91-2865-730788EFFCDC}.Release|Any CPU.Build.0 = Release|Any CPU
		{62DE0D41-2938-B87F-B5D7-FB69C33E88D6}.Debug|Any CPU.ActiveCfg = Debug|Any CPU
		{62DE0D41-2938-B87F-B5D7-FB69C33E88D6}.Debug|Any CPU.Build.0 = Debug|Any CPU
		{62DE0D41-2938-B87F-B5D7-FB69C33E88D6}.Release|Any CPU.ActiveCfg = Release|Any CPU
		{62DE0D41-2938-B87F-B5D7-FB69C33E88D6}.Release|Any CPU.Build.0 = Release|Any CPU
		{B0180F26-370F-D6E7-A109-3814345EC535}.Debug|Any CPU.ActiveCfg = Debug|Any CPU
		{B0180F26-370F-D6E7-A109-3814345EC535}.Debug|Any CPU.Build.0 = Debug|Any CPU
		{B0180F26-370F-D6E7-A109-3814345EC535}.Release|Any CPU.ActiveCfg = Release|Any CPU
		{B0180F26-370F-D6E7-A109-3814345EC535}.Release|Any CPU.Build.0 = Release|Any CPU
		{EB5BF636-B9BD-45D7-93D7-C460E8D26477}.Debug|Any CPU.ActiveCfg = Debug|Any CPU
		{EB5BF636-B9BD-45D7-93D7-C460E8D26477}.Debug|Any CPU.Build.0 = Debug|Any CPU
		{EB5BF636-B9BD-45D7-93D7-C460E8D26477}.Release|Any CPU.ActiveCfg = Release|Any CPU
		{EB5BF636-B9BD-45D7-93D7-C460E8D26477}.Release|Any CPU.Build.0 = Release|Any CPU
		{D4D616CE-A999-8135-BD17-7B56E241DF11}.Debug|Any CPU.ActiveCfg = Debug|Any CPU
		{D4D616CE-A999-8135-BD17-7B56E241DF11}.Debug|Any CPU.Build.0 = Debug|Any CPU
		{D4D616CE-A999-8135-BD17-7B56E241DF11}.Release|Any CPU.ActiveCfg = Release|Any CPU
		{D4D616CE-A999-8135-BD17-7B56E241DF11}.Release|Any CPU.Build.0 = Release|Any CPU
		{824613CA-C8E5-941C-254A-83E234AA3153}.Debug|Any CPU.ActiveCfg = Debug|Any CPU
		{824613CA-C8E5-941C-254A-83E234AA3153}.Debug|Any CPU.Build.0 = Debug|Any CPU
		{824613CA-C8E5-941C-254A-83E234AA3153}.Release|Any CPU.ActiveCfg = Release|Any CPU
		{824613CA-C8E5-941C-254A-83E234AA3153}.Release|Any CPU.Build.0 = Release|Any CPU
		{F5D6E99F-1AC3-6FF5-951D-52868C997006}.Debug|Any CPU.ActiveCfg = Debug|Any CPU
		{F5D6E99F-1AC3-6FF5-951D-52868C997006}.Debug|Any CPU.Build.0 = Debug|Any CPU
		{F5D6E99F-1AC3-6FF5-951D-52868C997006}.Release|Any CPU.ActiveCfg = Release|Any CPU
		{F5D6E99F-1AC3-6FF5-951D-52868C997006}.Release|Any CPU.Build.0 = Release|Any CPU
		{707E873A-C9E6-125E-9F59-8F7275E569A8}.Debug|Any CPU.ActiveCfg = Debug|Any CPU
		{707E873A-C9E6-125E-9F59-8F7275E569A8}.Debug|Any CPU.Build.0 = Debug|Any CPU
		{707E873A-C9E6-125E-9F59-8F7275E569A8}.Release|Any CPU.ActiveCfg = Release|Any CPU
		{707E873A-C9E6-125E-9F59-8F7275E569A8}.Release|Any CPU.Build.0 = Release|Any CPU
		{F54B07DE-205D-32D3-57E6-DD1703A162C6}.Debug|Any CPU.ActiveCfg = Debug|Any CPU
		{F54B07DE-205D-32D3-57E6-DD1703A162C6}.Debug|Any CPU.Build.0 = Debug|Any CPU
		{F54B07DE-205D-32D3-57E6-DD1703A162C6}.Release|Any CPU.ActiveCfg = Release|Any CPU
		{F54B07DE-205D-32D3-57E6-DD1703A162C6}.Release|Any CPU.Build.0 = Release|Any CPU
	EndGlobalSection
	GlobalSection(SolutionProperties) = preSolution
		HideSolutionNode = FALSE
	EndGlobalSection
EndGlobal
